
Microsoft Visual Studio Solution File, Format Version 12.00
Project("{2150E333-8FDC-42A3-9474-1A3956D46DE8}") = "Shells", "Shells", "{CC791EBA-625B-41D2-A2C8-2CEDC5485574}"
EndProject
Project("{2150E333-8FDC-42A3-9474-1A3956D46DE8}") = "Tests", "Tests", "{5E515F95-AEAE-4AA2-980A-8D795E4882FD}"
EndProject
Project("{FAE04EC0-301F-11D3-BF4B-00C04F79EFBC}") = "IASoft.WPFCommons", "..\CommonLibs\WPF\IASoft.WPFCommons\IASoft.WPFCommons.csproj", "{B5A75B4F-A680-480B-84DE-CC27F418DB59}"
EndProject
Project("{2150E333-8FDC-42A3-9474-1A3956D46DE8}") = "Commons", "Commons", "{2233942E-3FCE-4863-BE04-9D542CE08AC8}"
EndProject
Project("{FAE04EC0-301F-11D3-BF4B-00C04F79EFBC}") = "IASoft.PrismCommons", "..\CommonLibs\WPF\IASoft.PrismCommons\IASoft.PrismCommons.csproj", "{FE8DF3CE-ED49-44D5-8FA7-836A30133A67}"
EndProject
Project("{FAE04EC0-301F-11D3-BF4B-00C04F79EFBC}") = "IASoft.SmartCard.Signer", "IASoft.SmartCard.Signer\IASoft.SmartCard.Signer.csproj", "{46BAB3DE-58E4-4A2B-BFF8-93177DAF6A13}"
EndProject
Project("{FAE04EC0-301F-11D3-BF4B-00C04F79EFBC}") = "IASoft.SmartCard.Commons", "IASoft.SmartCard.Commons\IASoft.SmartCard.Commons.csproj", "{A9827C73-067D-400A-9BB5-9D9EB5344A0B}"
EndProject
Project("{FAE04EC0-301F-11D3-BF4B-00C04F79EFBC}") = "Utils", "..\CommonLibs\Utils\Utils.csproj", "{34B54E00-DF35-4414-8E6F-59A24C895925}"
EndProject
Project("{FAE04EC0-301F-11D3-BF4B-00C04F79EFBC}") = "UnityUtils", "..\CommonLibs\UnityUtils\UnityUtils.csproj", "{EE37FDD1-D1CD-4D3F-B563-733F386BA947}"
EndProject
Project("{2150E333-8FDC-42A3-9474-1A3956D46DE8}") = "Modules", "Modules", "{5FF6034D-3DC1-4816-B02E-196F46034A8C}"
EndProject
Project("{FAE04EC0-301F-11D3-BF4B-00C04F79EFBC}") = "IASoft.MaterialDesignCommons", "..\CommonLibs\WPF\IASoft.MaterialDesignCommons\IASoft.MaterialDesignCommons.csproj", "{1CE56874-B82A-4958-963E-DF424DC88701}"
EndProject
Project("{FAE04EC0-301F-11D3-BF4B-00C04F79EFBC}") = "IASoft.SmartCard.Toolkit", "Shells\IASoft.SmartCard.Toolkit\IASoft.SmartCard.Toolkit.csproj", "{DBB5BA58-ABE8-4E1C-8869-DB43E4788A69}"
EndProject
Project("{FAE04EC0-301F-11D3-BF4B-00C04F79EFBC}") = "IASoft.SmartCard.Admin.Tests", "Tests\IASoft.SmartCard.Admin.Tests\IASoft.SmartCard.Admin.Tests.csproj", "{B2D393B2-8F67-4DF4-898C-649118838A53}"
EndProject
Global
	GlobalSection(SolutionConfigurationPlatforms) = preSolution
		Debug|Any CPU = Debug|Any CPU
		Release|Any CPU = Release|Any CPU
	EndGlobalSection
	GlobalSection(ProjectConfigurationPlatforms) = postSolution
		{B5A75B4F-A680-480B-84DE-CC27F418DB59}.Debug|Any CPU.ActiveCfg = Debug|Any CPU
		{B5A75B4F-A680-480B-84DE-CC27F418DB59}.Debug|Any CPU.Build.0 = Debug|Any CPU
		{B5A75B4F-A680-480B-84DE-CC27F418DB59}.Release|Any CPU.ActiveCfg = Release|Any CPU
		{B5A75B4F-A680-480B-84DE-CC27F418DB59}.Release|Any CPU.Build.0 = Release|Any CPU
		{FE8DF3CE-ED49-44D5-8FA7-836A30133A67}.Debug|Any CPU.ActiveCfg = Debug|Any CPU
		{FE8DF3CE-ED49-44D5-8FA7-836A30133A67}.Debug|Any CPU.Build.0 = Debug|Any CPU
		{FE8DF3CE-ED49-44D5-8FA7-836A30133A67}.Release|Any CPU.ActiveCfg = Release|Any CPU
		{FE8DF3CE-ED49-44D5-8FA7-836A30133A67}.Release|Any CPU.Build.0 = Release|Any CPU
		{46BAB3DE-58E4-4A2B-BFF8-93177DAF6A13}.Debug|Any CPU.ActiveCfg = Debug|Any CPU
		{46BAB3DE-58E4-4A2B-BFF8-93177DAF6A13}.Debug|Any CPU.Build.0 = Debug|Any CPU
		{46BAB3DE-58E4-4A2B-BFF8-93177DAF6A13}.Release|Any CPU.ActiveCfg = Release|Any CPU
		{46BAB3DE-58E4-4A2B-BFF8-93177DAF6A13}.Release|Any CPU.Build.0 = Release|Any CPU
		{A9827C73-067D-400A-9BB5-9D9EB5344A0B}.Debug|Any CPU.ActiveCfg = Debug|Any CPU
		{A9827C73-067D-400A-9BB5-9D9EB5344A0B}.Debug|Any CPU.Build.0 = Debug|Any CPU
		{A9827C73-067D-400A-9BB5-9D9EB5344A0B}.Release|Any CPU.ActiveCfg = Release|Any CPU
		{A9827C73-067D-400A-9BB5-9D9EB5344A0B}.Release|Any CPU.Build.0 = Release|Any CPU
		{34B54E00-DF35-4414-8E6F-59A24C895925}.Debug|Any CPU.ActiveCfg = Debug|Any CPU
		{34B54E00-DF35-4414-8E6F-59A24C895925}.Debug|Any CPU.Build.0 = Debug|Any CPU
		{34B54E00-DF35-4414-8E6F-59A24C895925}.Release|Any CPU.ActiveCfg = Release|Any CPU
		{34B54E00-DF35-4414-8E6F-59A24C895925}.Release|Any CPU.Build.0 = Release|Any CPU
		{EE37FDD1-D1CD-4D3F-B563-733F386BA947}.Debug|Any CPU.ActiveCfg = Debug|Any CPU
		{EE37FDD1-D1CD-4D3F-B563-733F386BA947}.Debug|Any CPU.Build.0 = Debug|Any CPU
		{EE37FDD1-D1CD-4D3F-B563-733F386BA947}.Release|Any CPU.ActiveCfg = Release|Any CPU
		{EE37FDD1-D1CD-4D3F-B563-733F386BA947}.Release|Any CPU.Build.0 = Release|Any CPU
		{1CE56874-B82A-4958-963E-DF424DC88701}.Debug|Any CPU.ActiveCfg = Debug|Any CPU
		{1CE56874-B82A-4958-963E-DF424DC88701}.Debug|Any CPU.Build.0 = Debug|Any CPU
		{1CE56874-B82A-4958-963E-DF424DC88701}.Release|Any CPU.ActiveCfg = Release|Any CPU
		{1CE56874-B82A-4958-963E-DF424DC88701}.Release|Any CPU.Build.0 = Release|Any CPU
		{DBB5BA58-ABE8-4E1C-8869-DB43E4788A69}.Debug|Any CPU.ActiveCfg = Debug|Any CPU
		{DBB5BA58-ABE8-4E1C-8869-DB43E4788A69}.Debug|Any CPU.Build.0 = Debug|Any CPU
		{DBB5BA58-ABE8-4E1C-8869-DB43E4788A69}.Release|Any CPU.ActiveCfg = Release|Any CPU
		{DBB5BA58-ABE8-4E1C-8869-DB43E4788A69}.Release|Any CPU.Build.0 = Release|Any CPU
		{B2D393B2-8F67-4DF4-898C-649118838A53}.Debug|Any CPU.ActiveCfg = Debug|Any CPU
		{B2D393B2-8F67-4DF4-898C-649118838A53}.Debug|Any CPU.Build.0 = Debug|Any CPU
		{B2D393B2-8F67-4DF4-898C-649118838A53}.Release|Any CPU.ActiveCfg = Release|Any CPU
		{B2D393B2-8F67-4DF4-898C-649118838A53}.Release|Any CPU.Build.0 = Release|Any CPU
	EndGlobalSection
	GlobalSection(NestedProjects) = preSolution
		{B5A75B4F-A680-480B-84DE-CC27F418DB59} = {2233942E-3FCE-4863-BE04-9D542CE08AC8}
		{FE8DF3CE-ED49-44D5-8FA7-836A30133A67} = {2233942E-3FCE-4863-BE04-9D542CE08AC8}
		{34B54E00-DF35-4414-8E6F-59A24C895925} = {2233942E-3FCE-4863-BE04-9D542CE08AC8}
		{EE37FDD1-D1CD-4D3F-B563-733F386BA947} = {2233942E-3FCE-4863-BE04-9D542CE08AC8}
		{46BAB3DE-58E4-4A2B-BFF8-93177DAF6A13} = {5FF6034D-3DC1-4816-B02E-196F46034A8C}
		{1CE56874-B82A-4958-963E-DF424DC88701} = {2233942E-3FCE-4863-BE04-9D542CE08AC8}
		{DBB5BA58-ABE8-4E1C-8869-DB43E4788A69} = {CC791EBA-625B-41D2-A2C8-2CEDC5485574}
		{B2D393B2-8F67-4DF4-898C-649118838A53} = {5E515F95-AEAE-4AA2-980A-8D795E4882FD}
	EndGlobalSection
EndGlobal
